
Microsoft Visual Studio Solution File, Format Version 12.00
# Visual Studio Version 17
VisualStudioVersion = 17.11.35327.3
MinimumVisualStudioVersion = 10.0.40219.1
Project("{8BC9CEB8-8B4A-11D0-8D11-00A0C91BC942}") = "Server UDP", "Server UDP\Server UDP.vcxproj", "{CD58C210-D543-44E2-BDC0-2A3AC4FB9503}"
EndProject
Global
	GlobalSection(SolutionConfigurationPlatforms) = preSolution
		Debug|x64 = Debug|x64
		Debug|x86 = Debug|x86
		Release|x64 = Release|x64
		Release|x86 = Release|x86
	EndGlobalSection
	GlobalSection(ProjectConfigurationPlatforms) = postSolution
		{CD58C210-D543-44E2-BDC0-2A3AC4FB9503}.Debug|x64.ActiveCfg = Debug|x64
		{CD58C210-D543-44E2-BDC0-2A3AC4FB9503}.Debug|x64.Build.0 = Debug|x64
		{CD58C210-D543-44E2-BDC0-2A3AC4FB9503}.Debug|x86.ActiveCfg = Debug|Win32
		{CD58C210-D543-44E2-BDC0-2A3AC4FB9503}.Debug|x86.Build.0 = Debug|Win32
		{CD58C210-D543-44E2-BDC0-2A3AC4FB9503}.Release|x64.ActiveCfg = Release|x64
		{CD58C210-D543-44E2-BDC0-2A3AC4FB9503}.Release|x64.Build.0 = Release|x64
		{CD58C210-D543-44E2-BDC0-2A3AC4FB9503}.Release|x86.ActiveCfg = Release|Win32
		{CD58C210-D543-44E2-BDC0-2A3AC4FB9503}.Release|x86.Build.0 = Release|Win32
	EndGlobalSection
	GlobalSection(SolutionProperties) = preSolution
		HideSolutionNode = FALSE
	EndGlobalSection
	GlobalSection(ExtensibilityGlobals) = postSolution
		SolutionGuid = {D27D1E02-DFCE-4393-9989-9C5EFCED1F61}
	EndGlobalSection
EndGlobal
